// !$*UTF8*$!
{
	archiveVersion = 1;
	classes = {
	};
	objectVersion = 56;
	objects = {

/* Begin PBXBuildFile section */
		F9561EBD2B5EC46300E92EE3 /* MessageData.swift in Sources */ = {isa = PBXBuildFile; fileRef = F9561EBC2B5EC46300E92EE3 /* MessageData.swift */; };
		F9561EC22B5EC54300E92EE3 /* Constants.swift in Sources */ = {isa = PBXBuildFile; fileRef = F9561EC12B5EC54300E92EE3 /* Constants.swift */; };
		F9561EC62B5EC58900E92EE3 /* NetworkService.swift in Sources */ = {isa = PBXBuildFile; fileRef = F9561EC52B5EC58900E92EE3 /* NetworkService.swift */; };
		F9561EC82B5EC5FB00E92EE3 /* SocketIOManager.swift in Sources */ = {isa = PBXBuildFile; fileRef = F9561EC72B5EC5FB00E92EE3 /* SocketIOManager.swift */; };
		F9561ECA2B5EC61F00E92EE3 /* UserDataManager.swift in Sources */ = {isa = PBXBuildFile; fileRef = F9561EC92B5EC61F00E92EE3 /* UserDataManager.swift */; };
		F9561ECC2B5EC6A700E92EE3 /* AuthenticationManager.swift in Sources */ = {isa = PBXBuildFile; fileRef = F9561ECB2B5EC6A700E92EE3 /* AuthenticationManager.swift */; };
		F9561ECE2B5EC7CD00E92EE3 /* Encryption.swift in Sources */ = {isa = PBXBuildFile; fileRef = F9561ECD2B5EC7CD00E92EE3 /* Encryption.swift */; };
		F9561ED02B5EC83000E92EE3 /* SingleMessageView.swift in Sources */ = {isa = PBXBuildFile; fileRef = F9561ECF2B5EC83000E92EE3 /* SingleMessageView.swift */; };
		F97AAB6A2B424B8C000F617A /* Color.swift in Sources */ = {isa = PBXBuildFile; fileRef = F97AAB692B424B8C000F617A /* Color.swift */; };
		F97AAB6C2B425505000F617A /* Testings.swift in Sources */ = {isa = PBXBuildFile; fileRef = F97AAB6B2B425505000F617A /* Testings.swift */; };
		F97AAB6E2B425FD4000F617A /* MessageManager.swift in Sources */ = {isa = PBXBuildFile; fileRef = F97AAB6D2B425FD4000F617A /* MessageManager.swift */; };
		F97AAB702B434F28000F617A /* MessageInboxView.swift in Sources */ = {isa = PBXBuildFile; fileRef = F97AAB6F2B434F28000F617A /* MessageInboxView.swift */; };
		F9AA89C62B4CB13700CB8466 /* SocketIO in Frameworks */ = {isa = PBXBuildFile; productRef = F9AA89C52B4CB13700CB8466 /* SocketIO */; };
		F9CB34D82B34C16D006CE965 /* MatcheChatAppApp.swift in Sources */ = {isa = PBXBuildFile; fileRef = F9CB34D72B34C16D006CE965 /* MatcheChatAppApp.swift */; };
		F9CB34DA2B34C16D006CE965 /* ContentView.swift in Sources */ = {isa = PBXBuildFile; fileRef = F9CB34D92B34C16D006CE965 /* ContentView.swift */; };
		F9CB34DE2B34C16F006CE965 /* Assets.xcassets in Resources */ = {isa = PBXBuildFile; fileRef = F9CB34DD2B34C16F006CE965 /* Assets.xcassets */; };
		F9CB34E22B34C16F006CE965 /* Preview Assets.xcassets in Resources */ = {isa = PBXBuildFile; fileRef = F9CB34E12B34C16F006CE965 /* Preview Assets.xcassets */; };
		F9CB34EC2B34C16F006CE965 /* MatcheChatAppTests.swift in Sources */ = {isa = PBXBuildFile; fileRef = F9CB34EB2B34C16F006CE965 /* MatcheChatAppTests.swift */; };
		F9CB34F62B34C16F006CE965 /* MatcheChatAppUITests.swift in Sources */ = {isa = PBXBuildFile; fileRef = F9CB34F52B34C16F006CE965 /* MatcheChatAppUITests.swift */; };
		F9CB34F82B34C16F006CE965 /* MatcheChatAppUITestsLaunchTests.swift in Sources */ = {isa = PBXBuildFile; fileRef = F9CB34F72B34C16F006CE965 /* MatcheChatAppUITestsLaunchTests.swift */; };
		F9E86DF92B34C768009228EB /* Realm in Frameworks */ = {isa = PBXBuildFile; productRef = F9E86DF82B34C768009228EB /* Realm */; };
		F9E86DFB2B34C768009228EB /* RealmSwift in Frameworks */ = {isa = PBXBuildFile; productRef = F9E86DFA2B34C768009228EB /* RealmSwift */; };
		F9E86DFF2B34C84D009228EB /* SocketMessageUserView.swift in Sources */ = {isa = PBXBuildFile; fileRef = F9E86DFE2B34C84D009228EB /* SocketMessageUserView.swift */; };
/* End PBXBuildFile section */

/* Begin PBXContainerItemProxy section */
		F9CB34E82B34C16F006CE965 /* PBXContainerItemProxy */ = {
			isa = PBXContainerItemProxy;
			containerPortal = F9CB34CC2B34C16D006CE965 /* Project object */;
			proxyType = 1;
			remoteGlobalIDString = F9CB34D32B34C16D006CE965;
			remoteInfo = MatcheChatApp;
		};
		F9CB34F22B34C16F006CE965 /* PBXContainerItemProxy */ = {
			isa = PBXContainerItemProxy;
			containerPortal = F9CB34CC2B34C16D006CE965 /* Project object */;
			proxyType = 1;
			remoteGlobalIDString = F9CB34D32B34C16D006CE965;
			remoteInfo = MatcheChatApp;
		};
/* End PBXContainerItemProxy section */

/* Begin PBXFileReference section */
		F9561EBC2B5EC46300E92EE3 /* MessageData.swift */ = {isa = PBXFileReference; lastKnownFileType = sourcecode.swift; path = MessageData.swift; sourceTree = "<group>"; };
		F9561EC12B5EC54300E92EE3 /* Constants.swift */ = {isa = PBXFileReference; lastKnownFileType = sourcecode.swift; path = Constants.swift; sourceTree = "<group>"; };
		F9561EC52B5EC58900E92EE3 /* NetworkService.swift */ = {isa = PBXFileReference; lastKnownFileType = sourcecode.swift; path = NetworkService.swift; sourceTree = "<group>"; };
		F9561EC72B5EC5FB00E92EE3 /* SocketIOManager.swift */ = {isa = PBXFileReference; lastKnownFileType = sourcecode.swift; path = SocketIOManager.swift; sourceTree = "<group>"; };
		F9561EC92B5EC61F00E92EE3 /* UserDataManager.swift */ = {isa = PBXFileReference; lastKnownFileType = sourcecode.swift; path = UserDataManager.swift; sourceTree = "<group>"; };
		F9561ECB2B5EC6A700E92EE3 /* AuthenticationManager.swift */ = {isa = PBXFileReference; lastKnownFileType = sourcecode.swift; path = AuthenticationManager.swift; sourceTree = "<group>"; };
		F9561ECD2B5EC7CD00E92EE3 /* Encryption.swift */ = {isa = PBXFileReference; lastKnownFileType = sourcecode.swift; path = Encryption.swift; sourceTree = "<group>"; };
		F9561ECF2B5EC83000E92EE3 /* SingleMessageView.swift */ = {isa = PBXFileReference; lastKnownFileType = sourcecode.swift; path = SingleMessageView.swift; sourceTree = "<group>"; };
		F97AAB642B3E76BE000F617A /* Config.xcconfig */ = {isa = PBXFileReference; lastKnownFileType = text.xcconfig; path = Config.xcconfig; sourceTree = "<group>"; };
		F97AAB692B424B8C000F617A /* Color.swift */ = {isa = PBXFileReference; lastKnownFileType = sourcecode.swift; path = Color.swift; sourceTree = "<group>"; };
		F97AAB6B2B425505000F617A /* Testings.swift */ = {isa = PBXFileReference; lastKnownFileType = sourcecode.swift; path = Testings.swift; sourceTree = "<group>"; };
		F97AAB6D2B425FD4000F617A /* MessageManager.swift */ = {isa = PBXFileReference; lastKnownFileType = sourcecode.swift; path = MessageManager.swift; sourceTree = "<group>"; };
		F97AAB6F2B434F28000F617A /* MessageInboxView.swift */ = {isa = PBXFileReference; lastKnownFileType = sourcecode.swift; path = MessageInboxView.swift; sourceTree = "<group>"; };
		F9CB34D42B34C16D006CE965 /* MatcheChatApp.app */ = {isa = PBXFileReference; explicitFileType = wrapper.application; includeInIndex = 0; path = MatcheChatApp.app; sourceTree = BUILT_PRODUCTS_DIR; };
		F9CB34D72B34C16D006CE965 /* MatcheChatAppApp.swift */ = {isa = PBXFileReference; lastKnownFileType = sourcecode.swift; path = MatcheChatAppApp.swift; sourceTree = "<group>"; };
		F9CB34D92B34C16D006CE965 /* ContentView.swift */ = {isa = PBXFileReference; lastKnownFileType = sourcecode.swift; path = ContentView.swift; sourceTree = "<group>"; };
		F9CB34DD2B34C16F006CE965 /* Assets.xcassets */ = {isa = PBXFileReference; lastKnownFileType = folder.assetcatalog; path = Assets.xcassets; sourceTree = "<group>"; };
		F9CB34DF2B34C16F006CE965 /* MatcheChatApp.entitlements */ = {isa = PBXFileReference; lastKnownFileType = text.plist.entitlements; path = MatcheChatApp.entitlements; sourceTree = "<group>"; };
		F9CB34E12B34C16F006CE965 /* Preview Assets.xcassets */ = {isa = PBXFileReference; lastKnownFileType = folder.assetcatalog; path = "Preview Assets.xcassets"; sourceTree = "<group>"; };
		F9CB34E72B34C16F006CE965 /* MatcheChatAppTests.xctest */ = {isa = PBXFileReference; explicitFileType = wrapper.cfbundle; includeInIndex = 0; path = MatcheChatAppTests.xctest; sourceTree = BUILT_PRODUCTS_DIR; };
		F9CB34EB2B34C16F006CE965 /* MatcheChatAppTests.swift */ = {isa = PBXFileReference; lastKnownFileType = sourcecode.swift; path = MatcheChatAppTests.swift; sourceTree = "<group>"; };
		F9CB34F12B34C16F006CE965 /* MatcheChatAppUITests.xctest */ = {isa = PBXFileReference; explicitFileType = wrapper.cfbundle; includeInIndex = 0; path = MatcheChatAppUITests.xctest; sourceTree = BUILT_PRODUCTS_DIR; };
		F9CB34F52B34C16F006CE965 /* MatcheChatAppUITests.swift */ = {isa = PBXFileReference; lastKnownFileType = sourcecode.swift; path = MatcheChatAppUITests.swift; sourceTree = "<group>"; };
		F9CB34F72B34C16F006CE965 /* MatcheChatAppUITestsLaunchTests.swift */ = {isa = PBXFileReference; lastKnownFileType = sourcecode.swift; path = MatcheChatAppUITestsLaunchTests.swift; sourceTree = "<group>"; };
		F9E86DFE2B34C84D009228EB /* SocketMessageUserView.swift */ = {isa = PBXFileReference; lastKnownFileType = sourcecode.swift; path = SocketMessageUserView.swift; sourceTree = "<group>"; };
/* End PBXFileReference section */

/* Begin PBXFrameworksBuildPhase section */
		F9CB34D12B34C16D006CE965 /* Frameworks */ = {
			isa = PBXFrameworksBuildPhase;
			buildActionMask = 2147483647;
			files = (
				F9E86DFB2B34C768009228EB /* RealmSwift in Frameworks */,
				F9E86DF92B34C768009228EB /* Realm in Frameworks */,
				F9AA89C62B4CB13700CB8466 /* SocketIO in Frameworks */,
			);
			runOnlyForDeploymentPostprocessing = 0;
		};
		F9CB34E42B34C16F006CE965 /* Frameworks */ = {
			isa = PBXFrameworksBuildPhase;
			buildActionMask = 2147483647;
			files = (
			);
			runOnlyForDeploymentPostprocessing = 0;
		};
		F9CB34EE2B34C16F006CE965 /* Frameworks */ = {
			isa = PBXFrameworksBuildPhase;
			buildActionMask = 2147483647;
			files = (
			);
			runOnlyForDeploymentPostprocessing = 0;
		};
/* End PBXFrameworksBuildPhase section */

/* Begin PBXGroup section */
		F9561EBE2B5EC4F700E92EE3 /* Extensions */ = {
			isa = PBXGroup;
			children = (
				F97AAB692B424B8C000F617A /* Color.swift */,
				F9561ECD2B5EC7CD00E92EE3 /* Encryption.swift */,
			);
			path = Extensions;
			sourceTree = "<group>";
		};
		F9561EC42B5EC57F00E92EE3 /* Services */ = {
			isa = PBXGroup;
			children = (
				F9561EC52B5EC58900E92EE3 /* NetworkService.swift */,
				F9561EC72B5EC5FB00E92EE3 /* SocketIOManager.swift */,
				F9561EC92B5EC61F00E92EE3 /* UserDataManager.swift */,
				F97AAB6D2B425FD4000F617A /* MessageManager.swift */,
				F9561ECB2B5EC6A700E92EE3 /* AuthenticationManager.swift */,
			);
			path = Services;
			sourceTree = "<group>";
		};
		F9CB34CB2B34C16D006CE965 = {
			isa = PBXGroup;
			children = (
				F9CB34D62B34C16D006CE965 /* MatcheChatApp */,
				F9CB34EA2B34C16F006CE965 /* MatcheChatAppTests */,
				F9CB34F42B34C16F006CE965 /* MatcheChatAppUITests */,
				F9CB34D52B34C16D006CE965 /* Products */,
			);
			sourceTree = "<group>";
		};
		F9CB34D52B34C16D006CE965 /* Products */ = {
			isa = PBXGroup;
			children = (
				F9CB34D42B34C16D006CE965 /* MatcheChatApp.app */,
				F9CB34E72B34C16F006CE965 /* MatcheChatAppTests.xctest */,
				F9CB34F12B34C16F006CE965 /* MatcheChatAppUITests.xctest */,
			);
			name = Products;
			sourceTree = "<group>";
		};
		F9CB34D62B34C16D006CE965 /* MatcheChatApp */ = {
			isa = PBXGroup;
			children = (
				F9CB34D72B34C16D006CE965 /* MatcheChatAppApp.swift */,
				F9561EC42B5EC57F00E92EE3 /* Services */,
				F9561EBE2B5EC4F700E92EE3 /* Extensions */,
				F9E86DFD2B34C7FA009228EB /* Models */,
				F9E86DFC2B34C7DD009228EB /* Views */,
				F9CB34DD2B34C16F006CE965 /* Assets.xcassets */,
				F9CB34DF2B34C16F006CE965 /* MatcheChatApp.entitlements */,
				F9CB34E02B34C16F006CE965 /* Preview Content */,
				F97AAB642B3E76BE000F617A /* Config.xcconfig */,
			);
			path = MatcheChatApp;
			sourceTree = "<group>";
		};
		F9CB34E02B34C16F006CE965 /* Preview Content */ = {
			isa = PBXGroup;
			children = (
				F9CB34E12B34C16F006CE965 /* Preview Assets.xcassets */,
			);
			path = "Preview Content";
			sourceTree = "<group>";
		};
		F9CB34EA2B34C16F006CE965 /* MatcheChatAppTests */ = {
			isa = PBXGroup;
			children = (
				F9CB34EB2B34C16F006CE965 /* MatcheChatAppTests.swift */,
			);
			path = MatcheChatAppTests;
			sourceTree = "<group>";
		};
		F9CB34F42B34C16F006CE965 /* MatcheChatAppUITests */ = {
			isa = PBXGroup;
			children = (
				F9CB34F52B34C16F006CE965 /* MatcheChatAppUITests.swift */,
				F9CB34F72B34C16F006CE965 /* MatcheChatAppUITestsLaunchTests.swift */,
			);
			path = MatcheChatAppUITests;
			sourceTree = "<group>";
		};
		F9E86DFC2B34C7DD009228EB /* Views */ = {
			isa = PBXGroup;
			children = (
				F9CB34D92B34C16D006CE965 /* ContentView.swift */,
				F97AAB6F2B434F28000F617A /* MessageInboxView.swift */,
				F9E86DFE2B34C84D009228EB /* SocketMessageUserView.swift */,
				F9561ECF2B5EC83000E92EE3 /* SingleMessageView.swift */,
				F97AAB6B2B425505000F617A /* Testings.swift */,
			);
			path = Views;
			sourceTree = "<group>";
		};
		F9E86DFD2B34C7FA009228EB /* Models */ = {
			isa = PBXGroup;
			children = (
				F9561EBC2B5EC46300E92EE3 /* MessageData.swift */,
				F9561EC12B5EC54300E92EE3 /* Constants.swift */,
			);
			path = Models;
			sourceTree = "<group>";
		};
/* End PBXGroup section */

/* Begin PBXNativeTarget section */
		F9CB34D32B34C16D006CE965 /* MatcheChatApp */ = {
			isa = PBXNativeTarget;
			buildConfigurationList = F9CB34FB2B34C16F006CE965 /* Build configuration list for PBXNativeTarget "MatcheChatApp" */;
			buildPhases = (
				F9CB34D02B34C16D006CE965 /* Sources */,
				F9CB34D12B34C16D006CE965 /* Frameworks */,
				F9CB34D22B34C16D006CE965 /* Resources */,
			);
			buildRules = (
			);
			dependencies = (
			);
			name = MatcheChatApp;
			packageProductDependencies = (
				F9E86DF82B34C768009228EB /* Realm */,
				F9E86DFA2B34C768009228EB /* RealmSwift */,
				F9AA89C52B4CB13700CB8466 /* SocketIO */,
			);
			productName = MatcheChatApp;
			productReference = F9CB34D42B34C16D006CE965 /* MatcheChatApp.app */;
			productType = "com.apple.product-type.application";
		};
		F9CB34E62B34C16F006CE965 /* MatcheChatAppTests */ = {
			isa = PBXNativeTarget;
			buildConfigurationList = F9CB34FE2B34C16F006CE965 /* Build configuration list for PBXNativeTarget "MatcheChatAppTests" */;
			buildPhases = (
				F9CB34E32B34C16F006CE965 /* Sources */,
				F9CB34E42B34C16F006CE965 /* Frameworks */,
				F9CB34E52B34C16F006CE965 /* Resources */,
			);
			buildRules = (
			);
			dependencies = (
				F9CB34E92B34C16F006CE965 /* PBXTargetDependency */,
			);
			name = MatcheChatAppTests;
			productName = MatcheChatAppTests;
			productReference = F9CB34E72B34C16F006CE965 /* MatcheChatAppTests.xctest */;
			productType = "com.apple.product-type.bundle.unit-test";
		};
		F9CB34F02B34C16F006CE965 /* MatcheChatAppUITests */ = {
			isa = PBXNativeTarget;
			buildConfigurationList = F9CB35012B34C16F006CE965 /* Build configuration list for PBXNativeTarget "MatcheChatAppUITests" */;
			buildPhases = (
				F9CB34ED2B34C16F006CE965 /* Sources */,
				F9CB34EE2B34C16F006CE965 /* Frameworks */,
				F9CB34EF2B34C16F006CE965 /* Resources */,
			);
			buildRules = (
			);
			dependencies = (
				F9CB34F32B34C16F006CE965 /* PBXTargetDependency */,
			);
			name = MatcheChatAppUITests;
			productName = MatcheChatAppUITests;
			productReference = F9CB34F12B34C16F006CE965 /* MatcheChatAppUITests.xctest */;
			productType = "com.apple.product-type.bundle.ui-testing";
		};
/* End PBXNativeTarget section */

/* Begin PBXProject section */
		F9CB34CC2B34C16D006CE965 /* Project object */ = {
			isa = PBXProject;
			attributes = {
				BuildIndependentTargetsInParallel = 1;
				LastSwiftUpdateCheck = 1500;
				LastUpgradeCheck = 1500;
				TargetAttributes = {
					F9CB34D32B34C16D006CE965 = {
						CreatedOnToolsVersion = 15.0.1;
					};
					F9CB34E62B34C16F006CE965 = {
						CreatedOnToolsVersion = 15.0.1;
						TestTargetID = F9CB34D32B34C16D006CE965;
					};
					F9CB34F02B34C16F006CE965 = {
						CreatedOnToolsVersion = 15.0.1;
						TestTargetID = F9CB34D32B34C16D006CE965;
					};
				};
			};
			buildConfigurationList = F9CB34CF2B34C16D006CE965 /* Build configuration list for PBXProject "MatcheChatApp" */;
			compatibilityVersion = "Xcode 14.0";
			developmentRegion = en;
			hasScannedForEncodings = 0;
			knownRegions = (
				en,
				Base,
			);
			mainGroup = F9CB34CB2B34C16D006CE965;
			packageReferences = (
				F9E86DF72B34C768009228EB /* XCRemoteSwiftPackageReference "realm-swift" */,
				F9AA89C42B4CB13700CB8466 /* XCRemoteSwiftPackageReference "socket" */,
			);
			productRefGroup = F9CB34D52B34C16D006CE965 /* Products */;
			projectDirPath = "";
			projectRoot = "";
			targets = (
				F9CB34D32B34C16D006CE965 /* MatcheChatApp */,
				F9CB34E62B34C16F006CE965 /* MatcheChatAppTests */,
				F9CB34F02B34C16F006CE965 /* MatcheChatAppUITests */,
			);
		};
/* End PBXProject section */

/* Begin PBXResourcesBuildPhase section */
		F9CB34D22B34C16D006CE965 /* Resources */ = {
			isa = PBXResourcesBuildPhase;
			buildActionMask = 2147483647;
			files = (
				F9CB34E22B34C16F006CE965 /* Preview Assets.xcassets in Resources */,
				F9CB34DE2B34C16F006CE965 /* Assets.xcassets in Resources */,
			);
			runOnlyForDeploymentPostprocessing = 0;
		};
		F9CB34E52B34C16F006CE965 /* Resources */ = {
			isa = PBXResourcesBuildPhase;
			buildActionMask = 2147483647;
			files = (
			);
			runOnlyForDeploymentPostprocessing = 0;
		};
		F9CB34EF2B34C16F006CE965 /* Resources */ = {
			isa = PBXResourcesBuildPhase;
			buildActionMask = 2147483647;
			files = (
			);
			runOnlyForDeploymentPostprocessing = 0;
		};
/* End PBXResourcesBuildPhase section */

/* Begin PBXSourcesBuildPhase section */
		F9CB34D02B34C16D006CE965 /* Sources */ = {
			isa = PBXSourcesBuildPhase;
			buildActionMask = 2147483647;
			files = (
				F9561EC62B5EC58900E92EE3 /* NetworkService.swift in Sources */,
				F97AAB6E2B425FD4000F617A /* MessageManager.swift in Sources */,
				F97AAB702B434F28000F617A /* MessageInboxView.swift in Sources */,
				F97AAB6C2B425505000F617A /* Testings.swift in Sources */,
				F9561EBD2B5EC46300E92EE3 /* MessageData.swift in Sources */,
				F9E86DFF2B34C84D009228EB /* SocketMessageUserView.swift in Sources */,
				F9561ECE2B5EC7CD00E92EE3 /* Encryption.swift in Sources */,
				F97AAB6A2B424B8C000F617A /* Color.swift in Sources */,
				F9561ECC2B5EC6A700E92EE3 /* AuthenticationManager.swift in Sources */,
				F9561ED02B5EC83000E92EE3 /* SingleMessageView.swift in Sources */,
				F9CB34DA2B34C16D006CE965 /* ContentView.swift in Sources */,
				F9561ECA2B5EC61F00E92EE3 /* UserDataManager.swift in Sources */,
				F9CB34D82B34C16D006CE965 /* MatcheChatAppApp.swift in Sources */,
				F9561EC22B5EC54300E92EE3 /* Constants.swift in Sources */,
				F9561EC82B5EC5FB00E92EE3 /* SocketIOManager.swift in Sources */,
			);
			runOnlyForDeploymentPostprocessing = 0;
		};
		F9CB34E32B34C16F006CE965 /* Sources */ = {
			isa = PBXSourcesBuildPhase;
			buildActionMask = 2147483647;
			files = (
				F9CB34EC2B34C16F006CE965 /* MatcheChatAppTests.swift in Sources */,
			);
			runOnlyForDeploymentPostprocessing = 0;
		};
		F9CB34ED2B34C16F006CE965 /* Sources */ = {
			isa = PBXSourcesBuildPhase;
			buildActionMask = 2147483647;
			files = (
				F9CB34F82B34C16F006CE965 /* MatcheChatAppUITestsLaunchTests.swift in Sources */,
				F9CB34F62B34C16F006CE965 /* MatcheChatAppUITests.swift in Sources */,
			);
			runOnlyForDeploymentPostprocessing = 0;
		};
/* End PBXSourcesBuildPhase section */

/* Begin PBXTargetDependency section */
		F9CB34E92B34C16F006CE965 /* PBXTargetDependency */ = {
			isa = PBXTargetDependency;
			target = F9CB34D32B34C16D006CE965 /* MatcheChatApp */;
			targetProxy = F9CB34E82B34C16F006CE965 /* PBXContainerItemProxy */;
		};
		F9CB34F32B34C16F006CE965 /* PBXTargetDependency */ = {
			isa = PBXTargetDependency;
			target = F9CB34D32B34C16D006CE965 /* MatcheChatApp */;
			targetProxy = F9CB34F22B34C16F006CE965 /* PBXContainerItemProxy */;
		};
/* End PBXTargetDependency section */

/* Begin XCBuildConfiguration section */
		F9CB34F92B34C16F006CE965 /* Debug */ = {
			isa = XCBuildConfiguration;
			buildSettings = {
				ALWAYS_SEARCH_USER_PATHS = NO;
				ASSETCATALOG_COMPILER_GENERATE_SWIFT_ASSET_SYMBOL_EXTENSIONS = YES;
				CLANG_ANALYZER_NONNULL = YES;
				CLANG_ANALYZER_NUMBER_OBJECT_CONVERSION = YES_AGGRESSIVE;
				CLANG_CXX_LANGUAGE_STANDARD = "gnu++20";
				CLANG_ENABLE_MODULES = YES;
				CLANG_ENABLE_OBJC_ARC = YES;
				CLANG_ENABLE_OBJC_WEAK = YES;
				CLANG_WARN_BLOCK_CAPTURE_AUTORELEASING = YES;
				CLANG_WARN_BOOL_CONVERSION = YES;
				CLANG_WARN_COMMA = YES;
				CLANG_WARN_CONSTANT_CONVERSION = YES;
				CLANG_WARN_DEPRECATED_OBJC_IMPLEMENTATIONS = YES;
				CLANG_WARN_DIRECT_OBJC_ISA_USAGE = YES_ERROR;
				CLANG_WARN_DOCUMENTATION_COMMENTS = YES;
				CLANG_WARN_EMPTY_BODY = YES;
				CLANG_WARN_ENUM_CONVERSION = YES;
				CLANG_WARN_INFINITE_RECURSION = YES;
				CLANG_WARN_INT_CONVERSION = YES;
				CLANG_WARN_NON_LITERAL_NULL_CONVERSION = YES;
				CLANG_WARN_OBJC_IMPLICIT_RETAIN_SELF = YES;
				CLANG_WARN_OBJC_LITERAL_CONVERSION = YES;
				CLANG_WARN_OBJC_ROOT_CLASS = YES_ERROR;
				CLANG_WARN_QUOTED_INCLUDE_IN_FRAMEWORK_HEADER = YES;
				CLANG_WARN_RANGE_LOOP_ANALYSIS = YES;
				CLANG_WARN_STRICT_PROTOTYPES = YES;
				CLANG_WARN_SUSPICIOUS_MOVE = YES;
				CLANG_WARN_UNGUARDED_AVAILABILITY = YES_AGGRESSIVE;
				CLANG_WARN_UNREACHABLE_CODE = YES;
				CLANG_WARN__DUPLICATE_METHOD_MATCH = YES;
				COPY_PHASE_STRIP = NO;
				DEBUG_INFORMATION_FORMAT = dwarf;
				ENABLE_STRICT_OBJC_MSGSEND = YES;
				ENABLE_TESTABILITY = YES;
				ENABLE_USER_SCRIPT_SANDBOXING = YES;
				GCC_C_LANGUAGE_STANDARD = gnu17;
				GCC_DYNAMIC_NO_PIC = NO;
				GCC_NO_COMMON_BLOCKS = YES;
				GCC_OPTIMIZATION_LEVEL = 0;
				GCC_PREPROCESSOR_DEFINITIONS = (
					"DEBUG=1",
					"$(inherited)",
				);
				GCC_WARN_64_TO_32_BIT_CONVERSION = YES;
				GCC_WARN_ABOUT_RETURN_TYPE = YES_ERROR;
				GCC_WARN_UNDECLARED_SELECTOR = YES;
				GCC_WARN_UNINITIALIZED_AUTOS = YES_AGGRESSIVE;
				GCC_WARN_UNUSED_FUNCTION = YES;
				GCC_WARN_UNUSED_VARIABLE = YES;
				LOCALIZATION_PREFERS_STRING_CATALOGS = YES;
				MTL_ENABLE_DEBUG_INFO = INCLUDE_SOURCE;
				MTL_FAST_MATH = YES;
				ONLY_ACTIVE_ARCH = YES;
				SWIFT_ACTIVE_COMPILATION_CONDITIONS = "DEBUG $(inherited)";
				SWIFT_OPTIMIZATION_LEVEL = "-Onone";
			};
			name = Debug;
		};
		F9CB34FA2B34C16F006CE965 /* Release */ = {
			isa = XCBuildConfiguration;
			buildSettings = {
				ALWAYS_SEARCH_USER_PATHS = NO;
				ASSETCATALOG_COMPILER_GENERATE_SWIFT_ASSET_SYMBOL_EXTENSIONS = YES;
				CLANG_ANALYZER_NONNULL = YES;
				CLANG_ANALYZER_NUMBER_OBJECT_CONVERSION = YES_AGGRESSIVE;
				CLANG_CXX_LANGUAGE_STANDARD = "gnu++20";
				CLANG_ENABLE_MODULES = YES;
				CLANG_ENABLE_OBJC_ARC = YES;
				CLANG_ENABLE_OBJC_WEAK = YES;
				CLANG_WARN_BLOCK_CAPTURE_AUTORELEASING = YES;
				CLANG_WARN_BOOL_CONVERSION = YES;
				CLANG_WARN_COMMA = YES;
				CLANG_WARN_CONSTANT_CONVERSION = YES;
				CLANG_WARN_DEPRECATED_OBJC_IMPLEMENTATIONS = YES;
				CLANG_WARN_DIRECT_OBJC_ISA_USAGE = YES_ERROR;
				CLANG_WARN_DOCUMENTATION_COMMENTS = YES;
				CLANG_WARN_EMPTY_BODY = YES;
				CLANG_WARN_ENUM_CONVERSION = YES;
				CLANG_WARN_INFINITE_RECURSION = YES;
				CLANG_WARN_INT_CONVERSION = YES;
				CLANG_WARN_NON_LITERAL_NULL_CONVERSION = YES;
				CLANG_WARN_OBJC_IMPLICIT_RETAIN_SELF = YES;
				CLANG_WARN_OBJC_LITERAL_CONVERSION = YES;
				CLANG_WARN_OBJC_ROOT_CLASS = YES_ERROR;
				CLANG_WARN_QUOTED_INCLUDE_IN_FRAMEWORK_HEADER = YES;
				CLANG_WARN_RANGE_LOOP_ANALYSIS = YES;
				CLANG_WARN_STRICT_PROTOTYPES = YES;
				CLANG_WARN_SUSPICIOUS_MOVE = YES;
				CLANG_WARN_UNGUARDED_AVAILABILITY = YES_AGGRESSIVE;
				CLANG_WARN_UNREACHABLE_CODE = YES;
				CLANG_WARN__DUPLICATE_METHOD_MATCH = YES;
				COPY_PHASE_STRIP = NO;
				DEBUG_INFORMATION_FORMAT = "dwarf-with-dsym";
				ENABLE_NS_ASSERTIONS = NO;
				ENABLE_STRICT_OBJC_MSGSEND = YES;
				ENABLE_USER_SCRIPT_SANDBOXING = YES;
				GCC_C_LANGUAGE_STANDARD = gnu17;
				GCC_NO_COMMON_BLOCKS = YES;
				GCC_WARN_64_TO_32_BIT_CONVERSION = YES;
				GCC_WARN_ABOUT_RETURN_TYPE = YES_ERROR;
				GCC_WARN_UNDECLARED_SELECTOR = YES;
				GCC_WARN_UNINITIALIZED_AUTOS = YES_AGGRESSIVE;
				GCC_WARN_UNUSED_FUNCTION = YES;
				GCC_WARN_UNUSED_VARIABLE = YES;
				LOCALIZATION_PREFERS_STRING_CATALOGS = YES;
				MTL_ENABLE_DEBUG_INFO = NO;
				MTL_FAST_MATH = YES;
				SWIFT_COMPILATION_MODE = wholemodule;
			};
			name = Release;
		};
		F9CB34FC2B34C16F006CE965 /* Debug */ = {
			isa = XCBuildConfiguration;
			buildSettings = {
				ASSETCATALOG_COMPILER_APPICON_NAME = AppIcon;
				ASSETCATALOG_COMPILER_GLOBAL_ACCENT_COLOR_NAME = AccentColor;
				CODE_SIGN_ENTITLEMENTS = MatcheChatApp/MatcheChatApp.entitlements;
				CODE_SIGN_STYLE = Automatic;
				CURRENT_PROJECT_VERSION = 1;
				DEVELOPMENT_ASSET_PATHS = "\"MatcheChatApp/Preview Content\"";
				DEVELOPMENT_TEAM = P9X779BWZC;
				ENABLE_HARDENED_RUNTIME = YES;
				ENABLE_PREVIEWS = YES;
				GENERATE_INFOPLIST_FILE = YES;
				"INFOPLIST_KEY_UIApplicationSceneManifest_Generation[sdk=iphoneos*]" = YES;
				"INFOPLIST_KEY_UIApplicationSceneManifest_Generation[sdk=iphonesimulator*]" = YES;
				"INFOPLIST_KEY_UIApplicationSupportsIndirectInputEvents[sdk=iphoneos*]" = YES;
				"INFOPLIST_KEY_UIApplicationSupportsIndirectInputEvents[sdk=iphonesimulator*]" = YES;
				"INFOPLIST_KEY_UILaunchScreen_Generation[sdk=iphoneos*]" = YES;
				"INFOPLIST_KEY_UILaunchScreen_Generation[sdk=iphonesimulator*]" = YES;
				"INFOPLIST_KEY_UIStatusBarStyle[sdk=iphoneos*]" = UIStatusBarStyleDefault;
				"INFOPLIST_KEY_UIStatusBarStyle[sdk=iphonesimulator*]" = UIStatusBarStyleDefault;
				INFOPLIST_KEY_UISupportedInterfaceOrientations_iPad = "UIInterfaceOrientationPortrait UIInterfaceOrientationPortraitUpsideDown UIInterfaceOrientationLandscapeLeft UIInterfaceOrientationLandscapeRight";
				INFOPLIST_KEY_UISupportedInterfaceOrientations_iPhone = "UIInterfaceOrientationPortrait UIInterfaceOrientationLandscapeLeft UIInterfaceOrientationLandscapeRight";
				IPHONEOS_DEPLOYMENT_TARGET = 17.0;
				LD_RUNPATH_SEARCH_PATHS = "@executable_path/Frameworks";
				"LD_RUNPATH_SEARCH_PATHS[sdk=macosx*]" = "@executable_path/../Frameworks";
				MACOSX_DEPLOYMENT_TARGET = 14.0;
				MARKETING_VERSION = 1.0;
				PRODUCT_BUNDLE_IDENTIFIER = matche.MatcheChatApp;
				PRODUCT_NAME = "$(TARGET_NAME)";
				SDKROOT = auto;
				SUPPORTED_PLATFORMS = "iphoneos iphonesimulator macosx";
				SWIFT_EMIT_LOC_STRINGS = YES;
				SWIFT_VERSION = 5.0;
				TARGETED_DEVICE_FAMILY = "1,2";
			};
			name = Debug;
		};
		F9CB34FD2B34C16F006CE965 /* Release */ = {
			isa = XCBuildConfiguration;
			buildSettings = {
				ASSETCATALOG_COMPILER_APPICON_NAME = AppIcon;
				ASSETCATALOG_COMPILER_GLOBAL_ACCENT_COLOR_NAME = AccentColor;
				CODE_SIGN_ENTITLEMENTS = MatcheChatApp/MatcheChatApp.entitlements;
				CODE_SIGN_STYLE = Automatic;
				CURRENT_PROJECT_VERSION = 1;
				DEVELOPMENT_ASSET_PATHS = "\"MatcheChatApp/Preview Content\"";
				DEVELOPMENT_TEAM = P9X779BWZC;
				ENABLE_HARDENED_RUNTIME = YES;
				ENABLE_PREVIEWS = YES;
				GENERATE_INFOPLIST_FILE = YES;
				"INFOPLIST_KEY_UIApplicationSceneManifest_Generation[sdk=iphoneos*]" = YES;
				"INFOPLIST_KEY_UIApplicationSceneManifest_Generation[sdk=iphonesimulator*]" = YES;
				"INFOPLIST_KEY_UIApplicationSupportsIndirectInputEvents[sdk=iphoneos*]" = YES;
				"INFOPLIST_KEY_UIApplicationSupportsIndirectInputEvents[sdk=iphonesimulator*]" = YES;
				"INFOPLIST_KEY_UILaunchScreen_Generation[sdk=iphoneos*]" = YES;
				"INFOPLIST_KEY_UILaunchScreen_Generation[sdk=iphonesimulator*]" = YES;
				"INFOPLIST_KEY_UIStatusBarStyle[sdk=iphoneos*]" = UIStatusBarStyleDefault;
				"INFOPLIST_KEY_UIStatusBarStyle[sdk=iphonesimulator*]" = UIStatusBarStyleDefault;
				INFOPLIST_KEY_UISupportedInterfaceOrientations_iPad = "UIInterfaceOrientationPortrait UIInterfaceOrientationPortraitUpsideDown UIInterfaceOrientationLandscapeLeft UIInterfaceOrientationLandscapeRight";
				INFOPLIST_KEY_UISupportedInterfaceOrientations_iPhone = "UIInterfaceOrientationPortrait UIInterfaceOrientationLandscapeLeft UIInterfaceOrientationLandscapeRight";
				IPHONEOS_DEPLOYMENT_TARGET = 17.0;
				LD_RUNPATH_SEARCH_PATHS = "@executable_path/Frameworks";
				"LD_RUNPATH_SEARCH_PATHS[sdk=macosx*]" = "@executable_path/../Frameworks";
				MACOSX_DEPLOYMENT_TARGET = 14.0;
				MARKETING_VERSION = 1.0;
				PRODUCT_BUNDLE_IDENTIFIER = matche.MatcheChatApp;
				PRODUCT_NAME = "$(TARGET_NAME)";
				SDKROOT = auto;
				SUPPORTED_PLATFORMS = "iphoneos iphonesimulator macosx";
				SWIFT_EMIT_LOC_STRINGS = YES;
				SWIFT_VERSION = 5.0;
				TARGETED_DEVICE_FAMILY = "1,2";
			};
			name = Release;
		};
		F9CB34FF2B34C16F006CE965 /* Debug */ = {
			isa = XCBuildConfiguration;
			buildSettings = {
				ALWAYS_EMBED_SWIFT_STANDARD_LIBRARIES = YES;
				BUNDLE_LOADER = "$(TEST_HOST)";
				CODE_SIGN_STYLE = Automatic;
				CURRENT_PROJECT_VERSION = 1;
				DEVELOPMENT_TEAM = P9X779BWZC;
				GENERATE_INFOPLIST_FILE = YES;
				IPHONEOS_DEPLOYMENT_TARGET = 17.0;
				MACOSX_DEPLOYMENT_TARGET = 14.0;
				MARKETING_VERSION = 1.0;
				PRODUCT_BUNDLE_IDENTIFIER = matche.MatcheChatAppTests;
				PRODUCT_NAME = "$(TARGET_NAME)";
				SDKROOT = auto;
				SUPPORTED_PLATFORMS = "iphoneos iphonesimulator macosx";
				SWIFT_EMIT_LOC_STRINGS = NO;
				SWIFT_VERSION = 5.0;
				TARGETED_DEVICE_FAMILY = "1,2";
				TEST_HOST = "$(BUILT_PRODUCTS_DIR)/MatcheChatApp.app/$(BUNDLE_EXECUTABLE_FOLDER_PATH)/MatcheChatApp";
			};
			name = Debug;
		};
		F9CB35002B34C16F006CE965 /* Release */ = {
			isa = XCBuildConfiguration;
			buildSettings = {
				ALWAYS_EMBED_SWIFT_STANDARD_LIBRARIES = YES;
				BUNDLE_LOADER = "$(TEST_HOST)";
				CODE_SIGN_STYLE = Automatic;
				CURRENT_PROJECT_VERSION = 1;
				DEVELOPMENT_TEAM = P9X779BWZC;
				GENERATE_INFOPLIST_FILE = YES;
				IPHONEOS_DEPLOYMENT_TARGET = 17.0;
				MACOSX_DEPLOYMENT_TARGET = 14.0;
				MARKETING_VERSION = 1.0;
				PRODUCT_BUNDLE_IDENTIFIER = matche.MatcheChatAppTests;
				PRODUCT_NAME = "$(TARGET_NAME)";
				SDKROOT = auto;
				SUPPORTED_PLATFORMS = "iphoneos iphonesimulator macosx";
				SWIFT_EMIT_LOC_STRINGS = NO;
				SWIFT_VERSION = 5.0;
				TARGETED_DEVICE_FAMILY = "1,2";
				TEST_HOST = "$(BUILT_PRODUCTS_DIR)/MatcheChatApp.app/$(BUNDLE_EXECUTABLE_FOLDER_PATH)/MatcheChatApp";
			};
			name = Release;
		};
		F9CB35022B34C16F006CE965 /* Debug */ = {
			isa = XCBuildConfiguration;
			buildSettings = {
				ALWAYS_EMBED_SWIFT_STANDARD_LIBRARIES = YES;
				CODE_SIGN_STYLE = Automatic;
				CURRENT_PROJECT_VERSION = 1;
				DEVELOPMENT_TEAM = P9X779BWZC;
				GENERATE_INFOPLIST_FILE = YES;
				IPHONEOS_DEPLOYMENT_TARGET = 17.0;
				MACOSX_DEPLOYMENT_TARGET = 14.0;
				MARKETING_VERSION = 1.0;
				PRODUCT_BUNDLE_IDENTIFIER = matche.MatcheChatAppUITests;
				PRODUCT_NAME = "$(TARGET_NAME)";
				SDKROOT = auto;
				SUPPORTED_PLATFORMS = "iphoneos iphonesimulator macosx";
				SWIFT_EMIT_LOC_STRINGS = NO;
				SWIFT_VERSION = 5.0;
				TARGETED_DEVICE_FAMILY = "1,2";
				TEST_TARGET_NAME = MatcheChatApp;
			};
			name = Debug;
		};
		F9CB35032B34C16F006CE965 /* Release */ = {
			isa = XCBuildConfiguration;
			buildSettings = {
				ALWAYS_EMBED_SWIFT_STANDARD_LIBRARIES = YES;
				CODE_SIGN_STYLE = Automatic;
				CURRENT_PROJECT_VERSION = 1;
				DEVELOPMENT_TEAM = P9X779BWZC;
				GENERATE_INFOPLIST_FILE = YES;
				IPHONEOS_DEPLOYMENT_TARGET = 17.0;
				MACOSX_DEPLOYMENT_TARGET = 14.0;
				MARKETING_VERSION = 1.0;
				PRODUCT_BUNDLE_IDENTIFIER = matche.MatcheChatAppUITests;
				PRODUCT_NAME = "$(TARGET_NAME)";
				SDKROOT = auto;
				SUPPORTED_PLATFORMS = "iphoneos iphonesimulator macosx";
				SWIFT_EMIT_LOC_STRINGS = NO;
				SWIFT_VERSION = 5.0;
				TARGETED_DEVICE_FAMILY = "1,2";
				TEST_TARGET_NAME = MatcheChatApp;
			};
			name = Release;
		};
/* End XCBuildConfiguration section */

/* Begin XCConfigurationList section */
		F9CB34CF2B34C16D006CE965 /* Build configuration list for PBXProject "MatcheChatApp" */ = {
			isa = XCConfigurationList;
			buildConfigurations = (
				F9CB34F92B34C16F006CE965 /* Debug */,
				F9CB34FA2B34C16F006CE965 /* Release */,
			);
			defaultConfigurationIsVisible = 0;
			defaultConfigurationName = Release;
		};
		F9CB34FB2B34C16F006CE965 /* Build configuration list for PBXNativeTarget "MatcheChatApp" */ = {
			isa = XCConfigurationList;
			buildConfigurations = (
				F9CB34FC2B34C16F006CE965 /* Debug */,
				F9CB34FD2B34C16F006CE965 /* Release */,
			);
			defaultConfigurationIsVisible = 0;
			defaultConfigurationName = Release;
		};
		F9CB34FE2B34C16F006CE965 /* Build configuration list for PBXNativeTarget "MatcheChatAppTests" */ = {
			isa = XCConfigurationList;
			buildConfigurations = (
				F9CB34FF2B34C16F006CE965 /* Debug */,
				F9CB35002B34C16F006CE965 /* Release */,
			);
			defaultConfigurationIsVisible = 0;
			defaultConfigurationName = Release;
		};
		F9CB35012B34C16F006CE965 /* Build configuration list for PBXNativeTarget "MatcheChatAppUITests" */ = {
			isa = XCConfigurationList;
			buildConfigurations = (
				F9CB35022B34C16F006CE965 /* Debug */,
				F9CB35032B34C16F006CE965 /* Release */,
			);
			defaultConfigurationIsVisible = 0;
			defaultConfigurationName = Release;
		};
/* End XCConfigurationList section */

/* Begin XCRemoteSwiftPackageReference section */
		F9AA89C42B4CB13700CB8466 /* XCRemoteSwiftPackageReference "socket" */ = {
			isa = XCRemoteSwiftPackageReference;
			repositoryURL = "https://github.com/socketio/socket.io-client-swift";
			requirement = {
				branch = master;
				kind = branch;
			};
		};
		F9E86DF72B34C768009228EB /* XCRemoteSwiftPackageReference "realm-swift" */ = {
			isa = XCRemoteSwiftPackageReference;
			repositoryURL = "https://github.com/realm/realm-swift";
			requirement = {
				branch = master;
				kind = branch;
			};
		};
/* End XCRemoteSwiftPackageReference section */

/* Begin XCSwiftPackageProductDependency section */
		F9AA89C52B4CB13700CB8466 /* SocketIO */ = {
			isa = XCSwiftPackageProductDependency;
			package = F9AA89C42B4CB13700CB8466 /* XCRemoteSwiftPackageReference "socket" */;
			productName = SocketIO;
		};
		F9E86DF82B34C768009228EB /* Realm */ = {
			isa = XCSwiftPackageProductDependency;
			package = F9E86DF72B34C768009228EB /* XCRemoteSwiftPackageReference "realm-swift" */;
			productName = Realm;
		};
		F9E86DFA2B34C768009228EB /* RealmSwift */ = {
			isa = XCSwiftPackageProductDependency;
			package = F9E86DF72B34C768009228EB /* XCRemoteSwiftPackageReference "realm-swift" */;
			productName = RealmSwift;
		};
/* End XCSwiftPackageProductDependency section */
	};
	rootObject = F9CB34CC2B34C16D006CE965 /* Project object */;
}
